
Microsoft Visual Studio Solution File, Format Version 12.00
# Visual Studio Version 17
VisualStudioVersion = 17.9.34723.18
MinimumVisualStudioVersion = 10.0.40219.1
Project("{9A19103F-16F7-4668-BE54-9A1E7A4F7556}") = "Return of formative series", "Lesson 2\Return of formative series\Return of formative series.csproj", "{5984B2E4-9823-45B5-BE4F-7F55181D5609}"
EndProject
Project("{FAE04EC0-301F-11D3-BF4B-00C04F79EFBC}") = "Second task", "Lesson 3\Second task\Second task.csproj", "{6F8F5A44-FDE3-4214-9430-AECD949A75F0}"
EndProject
Project("{FAE04EC0-301F-11D3-BF4B-00C04F79EFBC}") = "First task", "Lesson 3\First task\First task\First task.csproj", "{83A32BBD-CC4E-46B4-93DA-DF652C4B0BB8}"
EndProject
Project("{FAE04EC0-301F-11D3-BF4B-00C04F79EFBC}") = "Third task", "Lesson 3\Third task\Third task\Third task.csproj", "{7AB67805-80A1-409F-939F-0C3707BED5CA}"
EndProject
Project("{FAE04EC0-301F-11D3-BF4B-00C04F79EFBC}") = "Fourth task", "Lesson 3\Fourth task\Fourth task\Fourth task.csproj", "{D0A0CECF-0577-4500-9551-7CF55AE88B6B}"
EndProject
Project("{FAE04EC0-301F-11D3-BF4B-00C04F79EFBC}") = "Fifth task", "Lesson 3\fifth task\Fifth task\Fifth task.csproj", "{160838C5-6472-49BC-89A3-E6EC5785532D}"
EndProject
Global
	GlobalSection(SolutionConfigurationPlatforms) = preSolution
		Debug|Any CPU = Debug|Any CPU
		Release|Any CPU = Release|Any CPU
	EndGlobalSection
	GlobalSection(ProjectConfigurationPlatforms) = postSolution
		{5984B2E4-9823-45B5-BE4F-7F55181D5609}.Debug|Any CPU.ActiveCfg = Debug|Any CPU
		{5984B2E4-9823-45B5-BE4F-7F55181D5609}.Debug|Any CPU.Build.0 = Debug|Any CPU
		{5984B2E4-9823-45B5-BE4F-7F55181D5609}.Release|Any CPU.ActiveCfg = Release|Any CPU
		{5984B2E4-9823-45B5-BE4F-7F55181D5609}.Release|Any CPU.Build.0 = Release|Any CPU
		{6F8F5A44-FDE3-4214-9430-AECD949A75F0}.Debug|Any CPU.ActiveCfg = Debug|Any CPU
		{6F8F5A44-FDE3-4214-9430-AECD949A75F0}.Debug|Any CPU.Build.0 = Debug|Any CPU
		{6F8F5A44-FDE3-4214-9430-AECD949A75F0}.Release|Any CPU.ActiveCfg = Release|Any CPU
		{6F8F5A44-FDE3-4214-9430-AECD949A75F0}.Release|Any CPU.Build.0 = Release|Any CPU
		{83A32BBD-CC4E-46B4-93DA-DF652C4B0BB8}.Debug|Any CPU.ActiveCfg = Debug|Any CPU
		{83A32BBD-CC4E-46B4-93DA-DF652C4B0BB8}.Debug|Any CPU.Build.0 = Debug|Any CPU
		{83A32BBD-CC4E-46B4-93DA-DF652C4B0BB8}.Release|Any CPU.ActiveCfg = Release|Any CPU
		{83A32BBD-CC4E-46B4-93DA-DF652C4B0BB8}.Release|Any CPU.Build.0 = Release|Any CPU
		{7AB67805-80A1-409F-939F-0C3707BED5CA}.Debug|Any CPU.ActiveCfg = Debug|Any CPU
		{7AB67805-80A1-409F-939F-0C3707BED5CA}.Debug|Any CPU.Build.0 = Debug|Any CPU
		{7AB67805-80A1-409F-939F-0C3707BED5CA}.Release|Any CPU.ActiveCfg = Release|Any CPU
		{7AB67805-80A1-409F-939F-0C3707BED5CA}.Release|Any CPU.Build.0 = Release|Any CPU
		{D0A0CECF-0577-4500-9551-7CF55AE88B6B}.Debug|Any CPU.ActiveCfg = Debug|Any CPU
		{D0A0CECF-0577-4500-9551-7CF55AE88B6B}.Debug|Any CPU.Build.0 = Debug|Any CPU
		{D0A0CECF-0577-4500-9551-7CF55AE88B6B}.Release|Any CPU.ActiveCfg = Release|Any CPU
		{D0A0CECF-0577-4500-9551-7CF55AE88B6B}.Release|Any CPU.Build.0 = Release|Any CPU
		{160838C5-6472-49BC-89A3-E6EC5785532D}.Debug|Any CPU.ActiveCfg = Debug|Any CPU
		{160838C5-6472-49BC-89A3-E6EC5785532D}.Debug|Any CPU.Build.0 = Debug|Any CPU
		{160838C5-6472-49BC-89A3-E6EC5785532D}.Release|Any CPU.ActiveCfg = Release|Any CPU
		{160838C5-6472-49BC-89A3-E6EC5785532D}.Release|Any CPU.Build.0 = Release|Any CPU
	EndGlobalSection
	GlobalSection(SolutionProperties) = preSolution
		HideSolutionNode = FALSE
	EndGlobalSection
	GlobalSection(ExtensibilityGlobals) = postSolution
		SolutionGuid = {8CCA384C-6BAD-4D66-AA5A-8D709E12E128}
	EndGlobalSection
EndGlobal
