
Microsoft Visual Studio Solution File, Format Version 12.00
# Visual Studio Version 17
VisualStudioVersion = 17.9.34723.18
MinimumVisualStudioVersion = 10.0.40219.1
Project("{9A19103F-16F7-4668-BE54-9A1E7A4F7556}") = "Calculating the discount amount", "Calculating the discount amount.csproj", "{38C11FE9-9AD2-49DB-BA3B-EA9D150D78EC}"
EndProject
Global
	GlobalSection(SolutionConfigurationPlatforms) = preSolution
		Debug|Any CPU = Debug|Any CPU
		Release|Any CPU = Release|Any CPU
	EndGlobalSection
	GlobalSection(ProjectConfigurationPlatforms) = postSolution
		{38C11FE9-9AD2-49DB-BA3B-EA9D150D78EC}.Debug|Any CPU.ActiveCfg = Debug|Any CPU
		{38C11FE9-9AD2-49DB-BA3B-EA9D150D78EC}.Debug|Any CPU.Build.0 = Debug|Any CPU
		{38C11FE9-9AD2-49DB-BA3B-EA9D150D78EC}.Release|Any CPU.ActiveCfg = Release|Any CPU
		{38C11FE9-9AD2-49DB-BA3B-EA9D150D78EC}.Release|Any CPU.Build.0 = Release|Any CPU
	EndGlobalSection
	GlobalSection(SolutionProperties) = preSolution
		HideSolutionNode = FALSE
	EndGlobalSection
	GlobalSection(ExtensibilityGlobals) = postSolution
		SolutionGuid = {A27A05FA-8824-46D4-9BFF-0C2B48ECAF92}
	EndGlobalSection
EndGlobal
